
Microsoft Visual Studio Solution File, Format Version 12.00
# Visual Studio Version 17
VisualStudioVersion = 17.7.34031.279
MinimumVisualStudioVersion = 10.0.40219.1
Project("{FAE04EC0-301F-11D3-BF4B-00C04F79EFBC}") = "SARMIENTO_JERICO_BSIT32E1", "SARMIENTO_JERICO_BSIT32E1\SARMIENTO_JERICO_BSIT32E1.csproj", "{E31BEBAA-EFCD-4750-8129-4A4E4C428EA3}"
EndProject
Global
	GlobalSection(SolutionConfigurationPlatforms) = preSolution
		Debug|Any CPU = Debug|Any CPU
		Release|Any CPU = Release|Any CPU
	EndGlobalSection
	GlobalSection(ProjectConfigurationPlatforms) = postSolution
		{E31BEBAA-EFCD-4750-8129-4A4E4C428EA3}.Debug|Any CPU.ActiveCfg = Debug|Any CPU
		{E31BEBAA-EFCD-4750-8129-4A4E4C428EA3}.Debug|Any CPU.Build.0 = Debug|Any CPU
		{E31BEBAA-EFCD-4750-8129-4A4E4C428EA3}.Release|Any CPU.ActiveCfg = Release|Any CPU
		{E31BEBAA-EFCD-4750-8129-4A4E4C428EA3}.Release|Any CPU.Build.0 = Release|Any CPU
	EndGlobalSection
	GlobalSection(SolutionProperties) = preSolution
		HideSolutionNode = FALSE
	EndGlobalSection
	GlobalSection(ExtensibilityGlobals) = postSolution
		SolutionGuid = {E12F35CE-CB8E-4796-96EA-5C44E83AC4C5}
	EndGlobalSection
EndGlobal
